
Microsoft Visual Studio Solution File, Format Version 12.00
# Visual Studio 14
VisualStudioVersion = 14.0.24720.0
MinimumVisualStudioVersion = 10.0.40219.1
Project("{BBD0F5D1-1CC4-42FD-BA4C-A96779C64378}") = "SonataInterface", "SonataInterface\SonataInterface.synproj", "{A3E2B9CE-19A0-454D-AB3D-E28261C67C7D}"
EndProject
Project("{BBD0F5D1-1CC4-42FD-BA4C-A96779C64378}") = "Sonata", "Sonata\Sonata.synproj", "{0922F34A-A3CE-4ABA-B33B-2A8D091E9B73}"
EndProject
Project("{BBD0F5D1-1CC4-42FD-BA4C-A96779C64378}") = "SonataApplicationProxy", "SonataApplicationProxy\SonataApplicationProxy.synproj", "{5789A68C-9BBF-45A9-9582-85748D756434}"
EndProject
Project("{BBD0F5D1-1CC4-42FD-BA4C-A96779C64378}") = "SonataExamplePrograms", "SonataExamplePrograms\SonataExamplePrograms.synproj", "{493E6C37-34AE-4084-B8B5-1C0E504A1747}"
EndProject
Project("{2150E333-8FDC-42A3-9474-1A3956D46DE8}") = "Solution Items", "Solution Items", "{2A7AE855-3DA9-4707-96DC-76B44FEEC18A}"
	ProjectSection(SolutionItems) = preProject
		CurrentRelease.xml = CurrentRelease.xml
		license.rtf = license.rtf
		license.txt = license.txt
		ReleaseProcedure.txt = ReleaseProcedure.txt
		SignFile.bat = SignFile.bat
	EndProjectSection
EndProject
Project("{2150E333-8FDC-42A3-9474-1A3956D46DE8}") = "Documentation", "Documentation", "{EBB2F377-7953-4B09-B485-A92B71637433}"
	ProjectSection(SolutionItems) = preProject
		Documentation\Sonata.chm = Documentation\Sonata.chm
		Documentation\Sonata.hsm = Documentation\Sonata.hsm
	EndProjectSection
EndProject
Project("{930C7802-8A8C-48F9-8165-68863BCCD9DD}") = "SonataSetup", "SonataSetup\SonataSetup.wixproj", "{4C38A46A-315D-46AD-AB67-3434A4A5A9F0}"
EndProject
Global
	GlobalSection(SolutionConfigurationPlatforms) = preSolution
		CD_ROM|Any CPU = CD_ROM|Any CPU
		CD_ROM|Mixed Platforms = CD_ROM|Mixed Platforms
		CD_ROM|x86 = CD_ROM|x86
		Debug|Any CPU = Debug|Any CPU
		Debug|Mixed Platforms = Debug|Mixed Platforms
		Debug|x86 = Debug|x86
		DVD-5|Any CPU = DVD-5|Any CPU
		DVD-5|Mixed Platforms = DVD-5|Mixed Platforms
		DVD-5|x86 = DVD-5|x86
		Release|Any CPU = Release|Any CPU
		Release|Mixed Platforms = Release|Mixed Platforms
		Release|x86 = Release|x86
		SingleImage|Any CPU = SingleImage|Any CPU
		SingleImage|Mixed Platforms = SingleImage|Mixed Platforms
		SingleImage|x86 = SingleImage|x86
	EndGlobalSection
	GlobalSection(ProjectConfigurationPlatforms) = postSolution
		{A3E2B9CE-19A0-454D-AB3D-E28261C67C7D}.CD_ROM|Any CPU.ActiveCfg = Release|Any CPU
		{A3E2B9CE-19A0-454D-AB3D-E28261C67C7D}.CD_ROM|Any CPU.Build.0 = Release|Any CPU
		{A3E2B9CE-19A0-454D-AB3D-E28261C67C7D}.CD_ROM|Mixed Platforms.ActiveCfg = Debug|Any CPU
		{A3E2B9CE-19A0-454D-AB3D-E28261C67C7D}.CD_ROM|Mixed Platforms.Build.0 = Debug|Any CPU
		{A3E2B9CE-19A0-454D-AB3D-E28261C67C7D}.CD_ROM|x86.ActiveCfg = Debug|Any CPU
		{A3E2B9CE-19A0-454D-AB3D-E28261C67C7D}.Debug|Any CPU.ActiveCfg = Debug|Any CPU
		{A3E2B9CE-19A0-454D-AB3D-E28261C67C7D}.Debug|Any CPU.Build.0 = Debug|Any CPU
		{A3E2B9CE-19A0-454D-AB3D-E28261C67C7D}.Debug|Mixed Platforms.ActiveCfg = Debug|Any CPU
		{A3E2B9CE-19A0-454D-AB3D-E28261C67C7D}.Debug|Mixed Platforms.Build.0 = Debug|Any CPU
		{A3E2B9CE-19A0-454D-AB3D-E28261C67C7D}.Debug|x86.ActiveCfg = Debug|Any CPU
		{A3E2B9CE-19A0-454D-AB3D-E28261C67C7D}.DVD-5|Any CPU.ActiveCfg = Debug|Any CPU
		{A3E2B9CE-19A0-454D-AB3D-E28261C67C7D}.DVD-5|Any CPU.Build.0 = Debug|Any CPU
		{A3E2B9CE-19A0-454D-AB3D-E28261C67C7D}.DVD-5|Mixed Platforms.ActiveCfg = Debug|Any CPU
		{A3E2B9CE-19A0-454D-AB3D-E28261C67C7D}.DVD-5|Mixed Platforms.Build.0 = Debug|Any CPU
		{A3E2B9CE-19A0-454D-AB3D-E28261C67C7D}.DVD-5|x86.ActiveCfg = Debug|Any CPU
		{A3E2B9CE-19A0-454D-AB3D-E28261C67C7D}.Release|Any CPU.ActiveCfg = Release|Any CPU
		{A3E2B9CE-19A0-454D-AB3D-E28261C67C7D}.Release|Any CPU.Build.0 = Release|Any CPU
		{A3E2B9CE-19A0-454D-AB3D-E28261C67C7D}.Release|Mixed Platforms.ActiveCfg = Release|Any CPU
		{A3E2B9CE-19A0-454D-AB3D-E28261C67C7D}.Release|Mixed Platforms.Build.0 = Release|Any CPU
		{A3E2B9CE-19A0-454D-AB3D-E28261C67C7D}.Release|x86.ActiveCfg = Release|Any CPU
		{A3E2B9CE-19A0-454D-AB3D-E28261C67C7D}.SingleImage|Any CPU.ActiveCfg = Release|Any CPU
		{A3E2B9CE-19A0-454D-AB3D-E28261C67C7D}.SingleImage|Any CPU.Build.0 = Release|Any CPU
		{A3E2B9CE-19A0-454D-AB3D-E28261C67C7D}.SingleImage|Mixed Platforms.ActiveCfg = Debug|Any CPU
		{A3E2B9CE-19A0-454D-AB3D-E28261C67C7D}.SingleImage|Mixed Platforms.Build.0 = Debug|Any CPU
		{A3E2B9CE-19A0-454D-AB3D-E28261C67C7D}.SingleImage|x86.ActiveCfg = Debug|Any CPU
		{0922F34A-A3CE-4ABA-B33B-2A8D091E9B73}.CD_ROM|Any CPU.ActiveCfg = Release|Any CPU
		{0922F34A-A3CE-4ABA-B33B-2A8D091E9B73}.CD_ROM|Any CPU.Build.0 = Release|Any CPU
		{0922F34A-A3CE-4ABA-B33B-2A8D091E9B73}.CD_ROM|Mixed Platforms.ActiveCfg = Debug|Any CPU
		{0922F34A-A3CE-4ABA-B33B-2A8D091E9B73}.CD_ROM|Mixed Platforms.Build.0 = Debug|Any CPU
		{0922F34A-A3CE-4ABA-B33B-2A8D091E9B73}.CD_ROM|x86.ActiveCfg = Debug|Any CPU
		{0922F34A-A3CE-4ABA-B33B-2A8D091E9B73}.Debug|Any CPU.ActiveCfg = Debug|Any CPU
		{0922F34A-A3CE-4ABA-B33B-2A8D091E9B73}.Debug|Any CPU.Build.0 = Debug|Any CPU
		{0922F34A-A3CE-4ABA-B33B-2A8D091E9B73}.Debug|Mixed Platforms.ActiveCfg = Debug|Any CPU
		{0922F34A-A3CE-4ABA-B33B-2A8D091E9B73}.Debug|Mixed Platforms.Build.0 = Debug|Any CPU
		{0922F34A-A3CE-4ABA-B33B-2A8D091E9B73}.Debug|x86.ActiveCfg = Debug|Any CPU
		{0922F34A-A3CE-4ABA-B33B-2A8D091E9B73}.DVD-5|Any CPU.ActiveCfg = Debug|Any CPU
		{0922F34A-A3CE-4ABA-B33B-2A8D091E9B73}.DVD-5|Any CPU.Build.0 = Debug|Any CPU
		{0922F34A-A3CE-4ABA-B33B-2A8D091E9B73}.DVD-5|Mixed Platforms.ActiveCfg = Debug|Any CPU
		{0922F34A-A3CE-4ABA-B33B-2A8D091E9B73}.DVD-5|Mixed Platforms.Build.0 = Debug|Any CPU
		{0922F34A-A3CE-4ABA-B33B-2A8D091E9B73}.DVD-5|x86.ActiveCfg = Debug|Any CPU
		{0922F34A-A3CE-4ABA-B33B-2A8D091E9B73}.Release|Any CPU.ActiveCfg = Release|Any CPU
		{0922F34A-A3CE-4ABA-B33B-2A8D091E9B73}.Release|Any CPU.Build.0 = Release|Any CPU
		{0922F34A-A3CE-4ABA-B33B-2A8D091E9B73}.Release|Mixed Platforms.ActiveCfg = Release|Any CPU
		{0922F34A-A3CE-4ABA-B33B-2A8D091E9B73}.Release|Mixed Platforms.Build.0 = Release|Any CPU
		{0922F34A-A3CE-4ABA-B33B-2A8D091E9B73}.Release|x86.ActiveCfg = Release|Any CPU
		{0922F34A-A3CE-4ABA-B33B-2A8D091E9B73}.SingleImage|Any CPU.ActiveCfg = Release|Any CPU
		{0922F34A-A3CE-4ABA-B33B-2A8D091E9B73}.SingleImage|Any CPU.Build.0 = Release|Any CPU
		{0922F34A-A3CE-4ABA-B33B-2A8D091E9B73}.SingleImage|Mixed Platforms.ActiveCfg = Debug|Any CPU
		{0922F34A-A3CE-4ABA-B33B-2A8D091E9B73}.SingleImage|Mixed Platforms.Build.0 = Debug|Any CPU
		{0922F34A-A3CE-4ABA-B33B-2A8D091E9B73}.SingleImage|x86.ActiveCfg = Debug|Any CPU
		{5789A68C-9BBF-45A9-9582-85748D756434}.CD_ROM|Any CPU.ActiveCfg = Release|Any CPU
		{5789A68C-9BBF-45A9-9582-85748D756434}.CD_ROM|Any CPU.Build.0 = Release|Any CPU
		{5789A68C-9BBF-45A9-9582-85748D756434}.CD_ROM|Mixed Platforms.ActiveCfg = Debug|Any CPU
		{5789A68C-9BBF-45A9-9582-85748D756434}.CD_ROM|Mixed Platforms.Build.0 = Debug|Any CPU
		{5789A68C-9BBF-45A9-9582-85748D756434}.CD_ROM|x86.ActiveCfg = Debug|Any CPU
		{5789A68C-9BBF-45A9-9582-85748D756434}.Debug|Any CPU.ActiveCfg = Debug|Any CPU
		{5789A68C-9BBF-45A9-9582-85748D756434}.Debug|Any CPU.Build.0 = Debug|Any CPU
		{5789A68C-9BBF-45A9-9582-85748D756434}.Debug|Mixed Platforms.ActiveCfg = Debug|Any CPU
		{5789A68C-9BBF-45A9-9582-85748D756434}.Debug|Mixed Platforms.Build.0 = Debug|Any CPU
		{5789A68C-9BBF-45A9-9582-85748D756434}.Debug|x86.ActiveCfg = Debug|Any CPU
		{5789A68C-9BBF-45A9-9582-85748D756434}.DVD-5|Any CPU.ActiveCfg = Debug|Any CPU
		{5789A68C-9BBF-45A9-9582-85748D756434}.DVD-5|Any CPU.Build.0 = Debug|Any CPU
		{5789A68C-9BBF-45A9-9582-85748D756434}.DVD-5|Mixed Platforms.ActiveCfg = Debug|Any CPU
		{5789A68C-9BBF-45A9-9582-85748D756434}.DVD-5|Mixed Platforms.Build.0 = Debug|Any CPU
		{5789A68C-9BBF-45A9-9582-85748D756434}.DVD-5|x86.ActiveCfg = Debug|Any CPU
		{5789A68C-9BBF-45A9-9582-85748D756434}.Release|Any CPU.ActiveCfg = Release|Any CPU
		{5789A68C-9BBF-45A9-9582-85748D756434}.Release|Any CPU.Build.0 = Release|Any CPU
		{5789A68C-9BBF-45A9-9582-85748D756434}.Release|Mixed Platforms.ActiveCfg = Release|Any CPU
		{5789A68C-9BBF-45A9-9582-85748D756434}.Release|Mixed Platforms.Build.0 = Release|Any CPU
		{5789A68C-9BBF-45A9-9582-85748D756434}.Release|x86.ActiveCfg = Release|Any CPU
		{5789A68C-9BBF-45A9-9582-85748D756434}.SingleImage|Any CPU.ActiveCfg = Release|Any CPU
		{5789A68C-9BBF-45A9-9582-85748D756434}.SingleImage|Any CPU.Build.0 = Release|Any CPU
		{5789A68C-9BBF-45A9-9582-85748D756434}.SingleImage|Mixed Platforms.ActiveCfg = Debug|Any CPU
		{5789A68C-9BBF-45A9-9582-85748D756434}.SingleImage|Mixed Platforms.Build.0 = Debug|Any CPU
		{5789A68C-9BBF-45A9-9582-85748D756434}.SingleImage|x86.ActiveCfg = Debug|Any CPU
		{493E6C37-34AE-4084-B8B5-1C0E504A1747}.CD_ROM|Any CPU.ActiveCfg = Release|Any CPU
		{493E6C37-34AE-4084-B8B5-1C0E504A1747}.CD_ROM|Any CPU.Build.0 = Release|Any CPU
		{493E6C37-34AE-4084-B8B5-1C0E504A1747}.CD_ROM|Mixed Platforms.ActiveCfg = Debug|Any CPU
		{493E6C37-34AE-4084-B8B5-1C0E504A1747}.CD_ROM|Mixed Platforms.Build.0 = Debug|Any CPU
		{493E6C37-34AE-4084-B8B5-1C0E504A1747}.CD_ROM|x86.ActiveCfg = Debug|Any CPU
		{493E6C37-34AE-4084-B8B5-1C0E504A1747}.Debug|Any CPU.ActiveCfg = Debug|Any CPU
		{493E6C37-34AE-4084-B8B5-1C0E504A1747}.Debug|Any CPU.Build.0 = Debug|Any CPU
		{493E6C37-34AE-4084-B8B5-1C0E504A1747}.Debug|Mixed Platforms.ActiveCfg = Debug|Any CPU
		{493E6C37-34AE-4084-B8B5-1C0E504A1747}.Debug|Mixed Platforms.Build.0 = Debug|Any CPU
		{493E6C37-34AE-4084-B8B5-1C0E504A1747}.Debug|x86.ActiveCfg = Debug|Any CPU
		{493E6C37-34AE-4084-B8B5-1C0E504A1747}.DVD-5|Any CPU.ActiveCfg = Debug|Any CPU
		{493E6C37-34AE-4084-B8B5-1C0E504A1747}.DVD-5|Any CPU.Build.0 = Debug|Any CPU
		{493E6C37-34AE-4084-B8B5-1C0E504A1747}.DVD-5|Mixed Platforms.ActiveCfg = Debug|Any CPU
		{493E6C37-34AE-4084-B8B5-1C0E504A1747}.DVD-5|Mixed Platforms.Build.0 = Debug|Any CPU
		{493E6C37-34AE-4084-B8B5-1C0E504A1747}.DVD-5|x86.ActiveCfg = Debug|Any CPU
		{493E6C37-34AE-4084-B8B5-1C0E504A1747}.Release|Any CPU.ActiveCfg = Release|Any CPU
		{493E6C37-34AE-4084-B8B5-1C0E504A1747}.Release|Any CPU.Build.0 = Release|Any CPU
		{493E6C37-34AE-4084-B8B5-1C0E504A1747}.Release|Mixed Platforms.ActiveCfg = Release|Any CPU
		{493E6C37-34AE-4084-B8B5-1C0E504A1747}.Release|Mixed Platforms.Build.0 = Release|Any CPU
		{493E6C37-34AE-4084-B8B5-1C0E504A1747}.Release|x86.ActiveCfg = Release|Any CPU
		{493E6C37-34AE-4084-B8B5-1C0E504A1747}.SingleImage|Any CPU.ActiveCfg = Release|Any CPU
		{493E6C37-34AE-4084-B8B5-1C0E504A1747}.SingleImage|Any CPU.Build.0 = Release|Any CPU
		{493E6C37-34AE-4084-B8B5-1C0E504A1747}.SingleImage|Mixed Platforms.ActiveCfg = Debug|Any CPU
		{493E6C37-34AE-4084-B8B5-1C0E504A1747}.SingleImage|Mixed Platforms.Build.0 = Debug|Any CPU
		{493E6C37-34AE-4084-B8B5-1C0E504A1747}.SingleImage|x86.ActiveCfg = Debug|Any CPU
		{4C38A46A-315D-46AD-AB67-3434A4A5A9F0}.CD_ROM|Any CPU.ActiveCfg = Release|x86
		{4C38A46A-315D-46AD-AB67-3434A4A5A9F0}.CD_ROM|Mixed Platforms.ActiveCfg = Release|x86
		{4C38A46A-315D-46AD-AB67-3434A4A5A9F0}.CD_ROM|Mixed Platforms.Build.0 = Release|x86
		{4C38A46A-315D-46AD-AB67-3434A4A5A9F0}.CD_ROM|x86.ActiveCfg = Release|x86
		{4C38A46A-315D-46AD-AB67-3434A4A5A9F0}.CD_ROM|x86.Build.0 = Release|x86
		{4C38A46A-315D-46AD-AB67-3434A4A5A9F0}.Debug|Any CPU.ActiveCfg = Debug|x86
		{4C38A46A-315D-46AD-AB67-3434A4A5A9F0}.Debug|Mixed Platforms.ActiveCfg = Debug|x86
		{4C38A46A-315D-46AD-AB67-3434A4A5A9F0}.Debug|x86.ActiveCfg = Debug|x86
		{4C38A46A-315D-46AD-AB67-3434A4A5A9F0}.Debug|x86.Build.0 = Debug|x86
		{4C38A46A-315D-46AD-AB67-3434A4A5A9F0}.DVD-5|Any CPU.ActiveCfg = Debug|x86
		{4C38A46A-315D-46AD-AB67-3434A4A5A9F0}.DVD-5|Mixed Platforms.ActiveCfg = Debug|x86
		{4C38A46A-315D-46AD-AB67-3434A4A5A9F0}.DVD-5|Mixed Platforms.Build.0 = Debug|x86
		{4C38A46A-315D-46AD-AB67-3434A4A5A9F0}.DVD-5|x86.ActiveCfg = Debug|x86
		{4C38A46A-315D-46AD-AB67-3434A4A5A9F0}.DVD-5|x86.Build.0 = Debug|x86
		{4C38A46A-315D-46AD-AB67-3434A4A5A9F0}.Release|Any CPU.ActiveCfg = Release|x86
		{4C38A46A-315D-46AD-AB67-3434A4A5A9F0}.Release|Mixed Platforms.ActiveCfg = Release|x86
		{4C38A46A-315D-46AD-AB67-3434A4A5A9F0}.Release|x86.ActiveCfg = Release|x86
		{4C38A46A-315D-46AD-AB67-3434A4A5A9F0}.Release|x86.Build.0 = Release|x86
		{4C38A46A-315D-46AD-AB67-3434A4A5A9F0}.SingleImage|Any CPU.ActiveCfg = Release|x86
		{4C38A46A-315D-46AD-AB67-3434A4A5A9F0}.SingleImage|Mixed Platforms.ActiveCfg = Release|x86
		{4C38A46A-315D-46AD-AB67-3434A4A5A9F0}.SingleImage|Mixed Platforms.Build.0 = Release|x86
		{4C38A46A-315D-46AD-AB67-3434A4A5A9F0}.SingleImage|x86.ActiveCfg = Release|x86
		{4C38A46A-315D-46AD-AB67-3434A4A5A9F0}.SingleImage|x86.Build.0 = Release|x86
	EndGlobalSection
	GlobalSection(SolutionProperties) = preSolution
		HideSolutionNode = FALSE
	EndGlobalSection
	GlobalSection(TeamFoundationVersionControl) = preSolution
		SccNumberOfProjects = 6
		SccEnterpriseProvider = {4CA58AB2-18FA-4F8D-95D4-32DDF27D184C}
		SccTeamFoundationServer = https://tfs.codeplex.com/tfs/tfs35
		SccLocalPath0 = .
		SccProjectUniqueName1 = SonataInterface\\SonataInterface.synproj
		SccProjectName1 = SonataInterface
		SccLocalPath1 = SonataInterface
		SccProjectUniqueName2 = Sonata\\Sonata.synproj
		SccProjectName2 = Sonata
		SccLocalPath2 = Sonata
		SccProjectUniqueName3 = SonataApplicationProxy\\SonataApplicationProxy.synproj
		SccProjectName3 = SonataApplicationProxy
		SccLocalPath3 = SonataApplicationProxy
		SccProjectUniqueName4 = SonataExamplePrograms\\SonataExamplePrograms.synproj
		SccProjectName4 = SonataExamplePrograms
		SccLocalPath4 = SonataExamplePrograms
		SccProjectUniqueName5 = SonataSetup\\SonataSetup.wixproj
		SccProjectName5 = SonataSetup
		SccLocalPath5 = SonataSetup
	EndGlobalSection
EndGlobal
